// !$*UTF8*$!
{
	archiveVersion = 1;
	classes = {
	};
	objectVersion = 51;
	objects = {

/* Begin PBXBuildFile section */
		5586BA25248EC05100E633D3 /* Drink.swift in Sources */ = {isa = PBXBuildFile; fileRef = 5586BA24248EC05100E633D3 /* Drink.swift */; };
		55AF350F248A6D5A00E9497D /* AppDelegate.swift in Sources */ = {isa = PBXBuildFile; fileRef = 55AF350E248A6D5A00E9497D /* AppDelegate.swift */; };
		55AF3511248A6D5A00E9497D /* SceneDelegate.swift in Sources */ = {isa = PBXBuildFile; fileRef = 55AF3510248A6D5A00E9497D /* SceneDelegate.swift */; };
		55AF3513248A6D5A00E9497D /* HomeView.swift in Sources */ = {isa = PBXBuildFile; fileRef = 55AF3512248A6D5A00E9497D /* HomeView.swift */; };
		55AF3515248A6D5C00E9497D /* Assets.xcassets in Resources */ = {isa = PBXBuildFile; fileRef = 55AF3514248A6D5C00E9497D /* Assets.xcassets */; };
		55AF3518248A6D5C00E9497D /* Preview Assets.xcassets in Resources */ = {isa = PBXBuildFile; fileRef = 55AF3517248A6D5C00E9497D /* Preview Assets.xcassets */; };
		55AF351B248A6D5C00E9497D /* LaunchScreen.storyboard in Resources */ = {isa = PBXBuildFile; fileRef = 55AF3519248A6D5C00E9497D /* LaunchScreen.storyboard */; };
		55AF3523248A7C7D00E9497D /* GoogleService-Info.plist in Resources */ = {isa = PBXBuildFile; fileRef = 55AF3522248A7C7D00E9497D /* GoogleService-Info.plist */; };
		55DB1C99249112C300F78FE4 /* DrinkRow.swift in Sources */ = {isa = PBXBuildFile; fileRef = 55DB1C98249112C300F78FE4 /* DrinkRow.swift */; };
		55DB1C9B2491189300F78FE4 /* DrinkItem.swift in Sources */ = {isa = PBXBuildFile; fileRef = 55DB1C9A2491189300F78FE4 /* DrinkItem.swift */; };
		55DB1C9D249118D300F78FE4 /* DrinkDetail.swift in Sources */ = {isa = PBXBuildFile; fileRef = 55DB1C9C249118D300F78FE4 /* DrinkDetail.swift */; };
		55DB1C9F2491229C00F78FE4 /* DrinkListener.swift in Sources */ = {isa = PBXBuildFile; fileRef = 55DB1C9E2491229C00F78FE4 /* DrinkListener.swift */; };
		55DB1CA4249134DE00F78FE4 /* Constants.swift in Sources */ = {isa = PBXBuildFile; fileRef = 55DB1CA3249134DE00F78FE4 /* Constants.swift */; };
		55DB1CA62491350600F78FE4 /* FirebaseReference.swift in Sources */ = {isa = PBXBuildFile; fileRef = 55DB1CA52491350600F78FE4 /* FirebaseReference.swift */; };
		55DB1CA8249148EA00F78FE4 /* BasketListener.swift in Sources */ = {isa = PBXBuildFile; fileRef = 55DB1CA7249148EA00F78FE4 /* BasketListener.swift */; };
		55DB1CAA24914CAE00F78FE4 /* OrderBasketView.swift in Sources */ = {isa = PBXBuildFile; fileRef = 55DB1CA924914CAE00F78FE4 /* OrderBasketView.swift */; };
		55DB1CAC24914CEB00F78FE4 /* CheckoutView.swift in Sources */ = {isa = PBXBuildFile; fileRef = 55DB1CAB24914CEB00F78FE4 /* CheckoutView.swift */; };
		55DB1CAE24914EE100F78FE4 /* LoginView.swift in Sources */ = {isa = PBXBuildFile; fileRef = 55DB1CAD24914EE100F78FE4 /* LoginView.swift */; };
		55DB1CB024914F1600F78FE4 /* FinishRegistrationView.swift in Sources */ = {isa = PBXBuildFile; fileRef = 55DB1CAF24914F1600F78FE4 /* FinishRegistrationView.swift */; };
		55DB1CB224914F8500F78FE4 /* OrderBasket.swift in Sources */ = {isa = PBXBuildFile; fileRef = 55DB1CB124914F8500F78FE4 /* OrderBasket.swift */; };
		55DB1CB424914FA100F78FE4 /* Order.swift in Sources */ = {isa = PBXBuildFile; fileRef = 55DB1CB324914FA100F78FE4 /* Order.swift */; };
		55DB1CB62491513E00F78FE4 /* FUser.swift in Sources */ = {isa = PBXBuildFile; fileRef = 55DB1CB52491513E00F78FE4 /* FUser.swift */; };
		55DB1CB82491521500F78FE4 /* Extensions.swift in Sources */ = {isa = PBXBuildFile; fileRef = 55DB1CB72491521500F78FE4 /* Extensions.swift */; };
		8365E467D0527AC9AF30890B /* Pods_Take_GoCoffe.framework in Frameworks */ = {isa = PBXBuildFile; fileRef = 0E46B7056BFD53B316FDE50B /* Pods_Take_GoCoffe.framework */; };
/* End PBXBuildFile section */

/* Begin PBXFileReference section */
		0E46B7056BFD53B316FDE50B /* Pods_Take_GoCoffe.framework */ = {isa = PBXFileReference; explicitFileType = wrapper.framework; includeInIndex = 0; path = Pods_Take_GoCoffe.framework; sourceTree = BUILT_PRODUCTS_DIR; };
		5586BA24248EC05100E633D3 /* Drink.swift */ = {isa = PBXFileReference; lastKnownFileType = sourcecode.swift; path = Drink.swift; sourceTree = "<group>"; };
		55AF350B248A6D5A00E9497D /* Take&GoCoffe.app */ = {isa = PBXFileReference; explicitFileType = wrapper.application; includeInIndex = 0; path = "Take&GoCoffe.app"; sourceTree = BUILT_PRODUCTS_DIR; };
		55AF350E248A6D5A00E9497D /* AppDelegate.swift */ = {isa = PBXFileReference; lastKnownFileType = sourcecode.swift; path = AppDelegate.swift; sourceTree = "<group>"; };
		55AF3510248A6D5A00E9497D /* SceneDelegate.swift */ = {isa = PBXFileReference; lastKnownFileType = sourcecode.swift; path = SceneDelegate.swift; sourceTree = "<group>"; };
		55AF3512248A6D5A00E9497D /* HomeView.swift */ = {isa = PBXFileReference; lastKnownFileType = sourcecode.swift; path = HomeView.swift; sourceTree = "<group>"; };
		55AF3514248A6D5C00E9497D /* Assets.xcassets */ = {isa = PBXFileReference; lastKnownFileType = folder.assetcatalog; path = Assets.xcassets; sourceTree = "<group>"; };
		55AF3517248A6D5C00E9497D /* Preview Assets.xcassets */ = {isa = PBXFileReference; lastKnownFileType = folder.assetcatalog; path = "Preview Assets.xcassets"; sourceTree = "<group>"; };
		55AF351A248A6D5C00E9497D /* Base */ = {isa = PBXFileReference; lastKnownFileType = file.storyboard; name = Base; path = Base.lproj/LaunchScreen.storyboard; sourceTree = "<group>"; };
		55AF351C248A6D5C00E9497D /* Info.plist */ = {isa = PBXFileReference; lastKnownFileType = text.plist.xml; path = Info.plist; sourceTree = "<group>"; };
		55AF3522248A7C7D00E9497D /* GoogleService-Info.plist */ = {isa = PBXFileReference; fileEncoding = 4; lastKnownFileType = text.plist.xml; path = "GoogleService-Info.plist"; sourceTree = "<group>"; };
		55DB1C98249112C300F78FE4 /* DrinkRow.swift */ = {isa = PBXFileReference; lastKnownFileType = sourcecode.swift; path = DrinkRow.swift; sourceTree = "<group>"; };
		55DB1C9A2491189300F78FE4 /* DrinkItem.swift */ = {isa = PBXFileReference; lastKnownFileType = sourcecode.swift; path = DrinkItem.swift; sourceTree = "<group>"; };
		55DB1C9C249118D300F78FE4 /* DrinkDetail.swift */ = {isa = PBXFileReference; lastKnownFileType = sourcecode.swift; path = DrinkDetail.swift; sourceTree = "<group>"; };
		55DB1C9E2491229C00F78FE4 /* DrinkListener.swift */ = {isa = PBXFileReference; lastKnownFileType = sourcecode.swift; path = DrinkListener.swift; sourceTree = "<group>"; };
		55DB1CA3249134DE00F78FE4 /* Constants.swift */ = {isa = PBXFileReference; lastKnownFileType = sourcecode.swift; name = Constants.swift; path = ../../../../../Documents/Constants.swift; sourceTree = "<group>"; };
		55DB1CA52491350600F78FE4 /* FirebaseReference.swift */ = {isa = PBXFileReference; lastKnownFileType = sourcecode.swift; name = FirebaseReference.swift; path = ../../../../../Documents/FirebaseReference.swift; sourceTree = "<group>"; };
		55DB1CA7249148EA00F78FE4 /* BasketListener.swift */ = {isa = PBXFileReference; lastKnownFileType = sourcecode.swift; path = BasketListener.swift; sourceTree = "<group>"; };
		55DB1CA924914CAE00F78FE4 /* OrderBasketView.swift */ = {isa = PBXFileReference; lastKnownFileType = sourcecode.swift; path = OrderBasketView.swift; sourceTree = "<group>"; };
		55DB1CAB24914CEB00F78FE4 /* CheckoutView.swift */ = {isa = PBXFileReference; lastKnownFileType = sourcecode.swift; path = CheckoutView.swift; sourceTree = "<group>"; };
		55DB1CAD24914EE100F78FE4 /* LoginView.swift */ = {isa = PBXFileReference; lastKnownFileType = sourcecode.swift; path = LoginView.swift; sourceTree = "<group>"; };
		55DB1CAF24914F1600F78FE4 /* FinishRegistrationView.swift */ = {isa = PBXFileReference; lastKnownFileType = sourcecode.swift; path = FinishRegistrationView.swift; sourceTree = "<group>"; };
		55DB1CB124914F8500F78FE4 /* OrderBasket.swift */ = {isa = PBXFileReference; lastKnownFileType = sourcecode.swift; path = OrderBasket.swift; sourceTree = "<group>"; };
		55DB1CB324914FA100F78FE4 /* Order.swift */ = {isa = PBXFileReference; lastKnownFileType = sourcecode.swift; path = Order.swift; sourceTree = "<group>"; };
		55DB1CB52491513E00F78FE4 /* FUser.swift */ = {isa = PBXFileReference; lastKnownFileType = sourcecode.swift; path = FUser.swift; sourceTree = "<group>"; };
		55DB1CB72491521500F78FE4 /* Extensions.swift */ = {isa = PBXFileReference; lastKnownFileType = sourcecode.swift; name = Extensions.swift; path = "Take&GoCoffe/Model/Extensions.swift"; sourceTree = SOURCE_ROOT; };
		B80C41C4D9386C881E051A7C /* Pods-Take&GoCoffe.release.xcconfig */ = {isa = PBXFileReference; includeInIndex = 1; lastKnownFileType = text.xcconfig; name = "Pods-Take&GoCoffe.release.xcconfig"; path = "Target Support Files/Pods-Take&GoCoffe/Pods-Take&GoCoffe.release.xcconfig"; sourceTree = "<group>"; };
		D0AD1D2CACC9EFE8A1A873B6 /* Pods-Take&GoCoffe.debug.xcconfig */ = {isa = PBXFileReference; includeInIndex = 1; lastKnownFileType = text.xcconfig; name = "Pods-Take&GoCoffe.debug.xcconfig"; path = "Target Support Files/Pods-Take&GoCoffe/Pods-Take&GoCoffe.debug.xcconfig"; sourceTree = "<group>"; };
/* End PBXFileReference section */

/* Begin PBXFrameworksBuildPhase section */
		55AF3508248A6D5A00E9497D /* Frameworks */ = {
			isa = PBXFrameworksBuildPhase;
			buildActionMask = 2147483647;
			files = (
				8365E467D0527AC9AF30890B /* Pods_Take_GoCoffe.framework in Frameworks */,
			);
			runOnlyForDeploymentPostprocessing = 0;
		};
/* End PBXFrameworksBuildPhase section */

/* Begin PBXGroup section */
		5586BA2A248FE29B00E633D3 /* Helpers */ = {
			isa = PBXGroup;
			children = (
				55DB1CA3249134DE00F78FE4 /* Constants.swift */,
				55DB1CA52491350600F78FE4 /* FirebaseReference.swift */,
				55DB1CB72491521500F78FE4 /* Extensions.swift */,
			);
			path = Helpers;
			sourceTree = "<group>";
		};
		5586BA2B248FE2B600E633D3 /* Model */ = {
			isa = PBXGroup;
			children = (
				5586BA24248EC05100E633D3 /* Drink.swift */,
				55DB1CB124914F8500F78FE4 /* OrderBasket.swift */,
				55DB1CB324914FA100F78FE4 /* Order.swift */,
				55DB1CB52491513E00F78FE4 /* FUser.swift */,
			);
			path = Model;
			sourceTree = "<group>";
		};
		55AF3502248A6D5A00E9497D = {
			isa = PBXGroup;
			children = (
				55AF350D248A6D5A00E9497D /* Take&GoCoffe */,
				55AF350C248A6D5A00E9497D /* Products */,
				BC8488E1BB994B47B3BA409D /* Pods */,
				D0DBFFED567CE159677C7109 /* Frameworks */,
			);
			sourceTree = "<group>";
		};
		55AF350C248A6D5A00E9497D /* Products */ = {
			isa = PBXGroup;
			children = (
				55AF350B248A6D5A00E9497D /* Take&GoCoffe.app */,
			);
			name = Products;
			sourceTree = "<group>";
		};
		55AF350D248A6D5A00E9497D /* Take&GoCoffe */ = {
			isa = PBXGroup;
			children = (
				55AF350E248A6D5A00E9497D /* AppDelegate.swift */,
				55AF3510248A6D5A00E9497D /* SceneDelegate.swift */,
				55AF3512248A6D5A00E9497D /* HomeView.swift */,
				55DB1C98249112C300F78FE4 /* DrinkRow.swift */,
				55DB1C9A2491189300F78FE4 /* DrinkItem.swift */,
				55DB1C9C249118D300F78FE4 /* DrinkDetail.swift */,
				55DB1CA924914CAE00F78FE4 /* OrderBasketView.swift */,
				55DB1CAB24914CEB00F78FE4 /* CheckoutView.swift */,
				55DB1CAD24914EE100F78FE4 /* LoginView.swift */,
				55DB1CAF24914F1600F78FE4 /* FinishRegistrationView.swift */,
				55DB1CA0249122A600F78FE4 /* Firebase Listeners */,
				5586BA2B248FE2B600E633D3 /* Model */,
				5586BA2A248FE29B00E633D3 /* Helpers */,
				55AF3514248A6D5C00E9497D /* Assets.xcassets */,
				55AF3519248A6D5C00E9497D /* LaunchScreen.storyboard */,
				55AF351C248A6D5C00E9497D /* Info.plist */,
				55AF3522248A7C7D00E9497D /* GoogleService-Info.plist */,
				55AF3516248A6D5C00E9497D /* Preview Content */,
			);
			path = "Take&GoCoffe";
			sourceTree = "<group>";
		};
		55AF3516248A6D5C00E9497D /* Preview Content */ = {
			isa = PBXGroup;
			children = (
				55AF3517248A6D5C00E9497D /* Preview Assets.xcassets */,
			);
			path = "Preview Content";
			sourceTree = "<group>";
		};
		55DB1CA0249122A600F78FE4 /* Firebase Listeners */ = {
			isa = PBXGroup;
			children = (
				55DB1C9E2491229C00F78FE4 /* DrinkListener.swift */,
				55DB1CA7249148EA00F78FE4 /* BasketListener.swift */,
			);
			path = "Firebase Listeners";
			sourceTree = "<group>";
		};
		BC8488E1BB994B47B3BA409D /* Pods */ = {
			isa = PBXGroup;
			children = (
				D0AD1D2CACC9EFE8A1A873B6 /* Pods-Take&GoCoffe.debug.xcconfig */,
				B80C41C4D9386C881E051A7C /* Pods-Take&GoCoffe.release.xcconfig */,
			);
			path = Pods;
			sourceTree = "<group>";
		};
		D0DBFFED567CE159677C7109 /* Frameworks */ = {
			isa = PBXGroup;
			children = (
				0E46B7056BFD53B316FDE50B /* Pods_Take_GoCoffe.framework */,
			);
			name = Frameworks;
			sourceTree = "<group>";
		};
/* End PBXGroup section */

/* Begin PBXNativeTarget section */
		55AF350A248A6D5A00E9497D /* Take&GoCoffe */ = {
			isa = PBXNativeTarget;
			buildConfigurationList = 55AF351F248A6D5C00E9497D /* Build configuration list for PBXNativeTarget "Take&GoCoffe" */;
			buildPhases = (
				E2D1CA22D51FB1BB51AF93F4 /* [CP] Check Pods Manifest.lock */,
				55AF3507248A6D5A00E9497D /* Sources */,
				55AF3508248A6D5A00E9497D /* Frameworks */,
				55AF3509248A6D5A00E9497D /* Resources */,
				3FC95B10D81FEFE8874B8640 /* [CP] Embed Pods Frameworks */,
			);
			buildRules = (
			);
			dependencies = (
			);
			name = "Take&GoCoffe";
			productName = "Take&GoCoffe";
			productReference = 55AF350B248A6D5A00E9497D /* Take&GoCoffe.app */;
			productType = "com.apple.product-type.application";
		};
/* End PBXNativeTarget section */

/* Begin PBXProject section */
		55AF3503248A6D5A00E9497D /* Project object */ = {
			isa = PBXProject;
			attributes = {
				LastSwiftUpdateCheck = 1150;
				LastUpgradeCheck = 1150;
				ORGANIZATIONNAME = "Andrey Mescheryakov";
				TargetAttributes = {
					55AF350A248A6D5A00E9497D = {
						CreatedOnToolsVersion = 11.5;
					};
				};
			};
			buildConfigurationList = 55AF3506248A6D5A00E9497D /* Build configuration list for PBXProject "Take&GoCoffe" */;
			compatibilityVersion = "Xcode 9.3";
			developmentRegion = en;
			hasScannedForEncodings = 0;
			knownRegions = (
				en,
				Base,
			);
			mainGroup = 55AF3502248A6D5A00E9497D;
			productRefGroup = 55AF350C248A6D5A00E9497D /* Products */;
			projectDirPath = "";
			projectRoot = "";
			targets = (
				55AF350A248A6D5A00E9497D /* Take&GoCoffe */,
			);
		};
/* End PBXProject section */

/* Begin PBXResourcesBuildPhase section */
		55AF3509248A6D5A00E9497D /* Resources */ = {
			isa = PBXResourcesBuildPhase;
			buildActionMask = 2147483647;
			files = (
				55AF351B248A6D5C00E9497D /* LaunchScreen.storyboard in Resources */,
				55AF3523248A7C7D00E9497D /* GoogleService-Info.plist in Resources */,
				55AF3518248A6D5C00E9497D /* Preview Assets.xcassets in Resources */,
				55AF3515248A6D5C00E9497D /* Assets.xcassets in Resources */,
			);
			runOnlyForDeploymentPostprocessing = 0;
		};
/* End PBXResourcesBuildPhase section */

/* Begin PBXShellScriptBuildPhase section */
		3FC95B10D81FEFE8874B8640 /* [CP] Embed Pods Frameworks */ = {
			isa = PBXShellScriptBuildPhase;
			buildActionMask = 2147483647;
			files = (
			);
			inputFileListPaths = (
				"${PODS_ROOT}/Target Support Files/Pods-Take&GoCoffe/Pods-Take&GoCoffe-frameworks-${CONFIGURATION}-input-files.xcfilelist",
			);
			name = "[CP] Embed Pods Frameworks";
			outputFileListPaths = (
				"${PODS_ROOT}/Target Support Files/Pods-Take&GoCoffe/Pods-Take&GoCoffe-frameworks-${CONFIGURATION}-output-files.xcfilelist",
			);
			runOnlyForDeploymentPostprocessing = 0;
			shellPath = /bin/sh;
			shellScript = "\"${PODS_ROOT}/Target Support Files/Pods-Take&GoCoffe/Pods-Take&GoCoffe-frameworks.sh\"\n";
			showEnvVarsInLog = 0;
		};
		E2D1CA22D51FB1BB51AF93F4 /* [CP] Check Pods Manifest.lock */ = {
			isa = PBXShellScriptBuildPhase;
			buildActionMask = 2147483647;
			files = (
			);
			inputFileListPaths = (
			);
			inputPaths = (
				"${PODS_PODFILE_DIR_PATH}/Podfile.lock",
				"${PODS_ROOT}/Manifest.lock",
			);
			name = "[CP] Check Pods Manifest.lock";
			outputFileListPaths = (
			);
			outputPaths = (
				"$(DERIVED_FILE_DIR)/Pods-Take&GoCoffe-checkManifestLockResult.txt",
			);
			runOnlyForDeploymentPostprocessing = 0;
			shellPath = /bin/sh;
			shellScript = "diff \"${PODS_PODFILE_DIR_PATH}/Podfile.lock\" \"${PODS_ROOT}/Manifest.lock\" > /dev/null\nif [ $? != 0 ] ; then\n    # print error to STDERR\n    echo \"error: The sandbox is not in sync with the Podfile.lock. Run 'pod install' or update your CocoaPods installation.\" >&2\n    exit 1\nfi\n# This output is used by Xcode 'outputs' to avoid re-running this script phase.\necho \"SUCCESS\" > \"${SCRIPT_OUTPUT_FILE_0}\"\n";
			showEnvVarsInLog = 0;
		};
/* End PBXShellScriptBuildPhase section */

/* Begin PBXSourcesBuildPhase section */
		55AF3507248A6D5A00E9497D /* Sources */ = {
			isa = PBXSourcesBuildPhase;
			buildActionMask = 2147483647;
			files = (
				55DB1CA62491350600F78FE4 /* FirebaseReference.swift in Sources */,
				55DB1CAA24914CAE00F78FE4 /* OrderBasketView.swift in Sources */,
				55DB1CB224914F8500F78FE4 /* OrderBasket.swift in Sources */,
				55DB1C9B2491189300F78FE4 /* DrinkItem.swift in Sources */,
				55DB1CB024914F1600F78FE4 /* FinishRegistrationView.swift in Sources */,
				55DB1CA8249148EA00F78FE4 /* BasketListener.swift in Sources */,
				55DB1CB424914FA100F78FE4 /* Order.swift in Sources */,
				55DB1CB82491521500F78FE4 /* Extensions.swift in Sources */,
				55AF350F248A6D5A00E9497D /* AppDelegate.swift in Sources */,
				55DB1C99249112C300F78FE4 /* DrinkRow.swift in Sources */,
				55AF3511248A6D5A00E9497D /* SceneDelegate.swift in Sources */,
				55DB1CAC24914CEB00F78FE4 /* CheckoutView.swift in Sources */,
				55DB1CAE24914EE100F78FE4 /* LoginView.swift in Sources */,
				55DB1C9D249118D300F78FE4 /* DrinkDetail.swift in Sources */,
				5586BA25248EC05100E633D3 /* Drink.swift in Sources */,
				55AF3513248A6D5A00E9497D /* HomeView.swift in Sources */,
				55DB1CB62491513E00F78FE4 /* FUser.swift in Sources */,
				55DB1C9F2491229C00F78FE4 /* DrinkListener.swift in Sources */,
				55DB1CA4249134DE00F78FE4 /* Constants.swift in Sources */,
			);
			runOnlyForDeploymentPostprocessing = 0;
		};
/* End PBXSourcesBuildPhase section */

/* Begin PBXVariantGroup section */
		55AF3519248A6D5C00E9497D /* LaunchScreen.storyboard */ = {
			isa = PBXVariantGroup;
			children = (
				55AF351A248A6D5C00E9497D /* Base */,
			);
			name = LaunchScreen.storyboard;
			sourceTree = "<group>";
		};
/* End PBXVariantGroup section */

/* Begin XCBuildConfiguration section */
		55AF351D248A6D5C00E9497D /* Debug */ = {
			isa = XCBuildConfiguration;
			buildSettings = {
				ALWAYS_SEARCH_USER_PATHS = NO;
				CLANG_ANALYZER_NONNULL = YES;
				CLANG_ANALYZER_NUMBER_OBJECT_CONVERSION = YES_AGGRESSIVE;
				CLANG_CXX_LANGUAGE_STANDARD = "gnu++14";
				CLANG_CXX_LIBRARY = "libc++";
				CLANG_ENABLE_MODULES = YES;
				CLANG_ENABLE_OBJC_ARC = YES;
				CLANG_ENABLE_OBJC_WEAK = YES;
				CLANG_WARN_BLOCK_CAPTURE_AUTORELEASING = YES;
				CLANG_WARN_BOOL_CONVERSION = YES;
				CLANG_WARN_COMMA = YES;
				CLANG_WARN_CONSTANT_CONVERSION = YES;
				CLANG_WARN_DEPRECATED_OBJC_IMPLEMENTATIONS = YES;
				CLANG_WARN_DIRECT_OBJC_ISA_USAGE = YES_ERROR;
				CLANG_WARN_DOCUMENTATION_COMMENTS = YES;
				CLANG_WARN_EMPTY_BODY = YES;
				CLANG_WARN_ENUM_CONVERSION = YES;
				CLANG_WARN_INFINITE_RECURSION = YES;
				CLANG_WARN_INT_CONVERSION = YES;
				CLANG_WARN_NON_LITERAL_NULL_CONVERSION = YES;
				CLANG_WARN_OBJC_IMPLICIT_RETAIN_SELF = YES;
				CLANG_WARN_OBJC_LITERAL_CONVERSION = YES;
				CLANG_WARN_OBJC_ROOT_CLASS = YES_ERROR;
				CLANG_WARN_RANGE_LOOP_ANALYSIS = YES;
				CLANG_WARN_STRICT_PROTOTYPES = YES;
				CLANG_WARN_SUSPICIOUS_MOVE = YES;
				CLANG_WARN_UNGUARDED_AVAILABILITY = YES_AGGRESSIVE;
				CLANG_WARN_UNREACHABLE_CODE = YES;
				CLANG_WARN__DUPLICATE_METHOD_MATCH = YES;
				COPY_PHASE_STRIP = NO;
				DEBUG_INFORMATION_FORMAT = dwarf;
				ENABLE_STRICT_OBJC_MSGSEND = YES;
				ENABLE_TESTABILITY = YES;
				GCC_C_LANGUAGE_STANDARD = gnu11;
				GCC_DYNAMIC_NO_PIC = NO;
				GCC_NO_COMMON_BLOCKS = YES;
				GCC_OPTIMIZATION_LEVEL = 0;
				GCC_PREPROCESSOR_DEFINITIONS = (
					"DEBUG=1",
					"$(inherited)",
				);
				GCC_WARN_64_TO_32_BIT_CONVERSION = YES;
				GCC_WARN_ABOUT_RETURN_TYPE = YES_ERROR;
				GCC_WARN_UNDECLARED_SELECTOR = YES;
				GCC_WARN_UNINITIALIZED_AUTOS = YES_AGGRESSIVE;
				GCC_WARN_UNUSED_FUNCTION = YES;
				GCC_WARN_UNUSED_VARIABLE = YES;
				IPHONEOS_DEPLOYMENT_TARGET = 13.5;
				MTL_ENABLE_DEBUG_INFO = INCLUDE_SOURCE;
				MTL_FAST_MATH = YES;
				ONLY_ACTIVE_ARCH = YES;
				SDKROOT = iphoneos;
				SWIFT_ACTIVE_COMPILATION_CONDITIONS = DEBUG;
				SWIFT_OPTIMIZATION_LEVEL = "-Onone";
			};
			name = Debug;
		};
		55AF351E248A6D5C00E9497D /* Release */ = {
			isa = XCBuildConfiguration;
			buildSettings = {
				ALWAYS_SEARCH_USER_PATHS = NO;
				CLANG_ANALYZER_NONNULL = YES;
				CLANG_ANALYZER_NUMBER_OBJECT_CONVERSION = YES_AGGRESSIVE;
				CLANG_CXX_LANGUAGE_STANDARD = "gnu++14";
				CLANG_CXX_LIBRARY = "libc++";
				CLANG_ENABLE_MODULES = YES;
				CLANG_ENABLE_OBJC_ARC = YES;
				CLANG_ENABLE_OBJC_WEAK = YES;
				CLANG_WARN_BLOCK_CAPTURE_AUTORELEASING = YES;
				CLANG_WARN_BOOL_CONVERSION = YES;
				CLANG_WARN_COMMA = YES;
				CLANG_WARN_CONSTANT_CONVERSION = YES;
				CLANG_WARN_DEPRECATED_OBJC_IMPLEMENTATIONS = YES;
				CLANG_WARN_DIRECT_OBJC_ISA_USAGE = YES_ERROR;
				CLANG_WARN_DOCUMENTATION_COMMENTS = YES;
				CLANG_WARN_EMPTY_BODY = YES;
				CLANG_WARN_ENUM_CONVERSION = YES;
				CLANG_WARN_INFINITE_RECURSION = YES;
				CLANG_WARN_INT_CONVERSION = YES;
				CLANG_WARN_NON_LITERAL_NULL_CONVERSION = YES;
				CLANG_WARN_OBJC_IMPLICIT_RETAIN_SELF = YES;
				CLANG_WARN_OBJC_LITERAL_CONVERSION = YES;
				CLANG_WARN_OBJC_ROOT_CLASS = YES_ERROR;
				CLANG_WARN_RANGE_LOOP_ANALYSIS = YES;
				CLANG_WARN_STRICT_PROTOTYPES = YES;
				CLANG_WARN_SUSPICIOUS_MOVE = YES;
				CLANG_WARN_UNGUARDED_AVAILABILITY = YES_AGGRESSIVE;
				CLANG_WARN_UNREACHABLE_CODE = YES;
				CLANG_WARN__DUPLICATE_METHOD_MATCH = YES;
				COPY_PHASE_STRIP = NO;
				DEBUG_INFORMATION_FORMAT = "dwarf-with-dsym";
				ENABLE_NS_ASSERTIONS = NO;
				ENABLE_STRICT_OBJC_MSGSEND = YES;
				GCC_C_LANGUAGE_STANDARD = gnu11;
				GCC_NO_COMMON_BLOCKS = YES;
				GCC_WARN_64_TO_32_BIT_CONVERSION = YES;
				GCC_WARN_ABOUT_RETURN_TYPE = YES_ERROR;
				GCC_WARN_UNDECLARED_SELECTOR = YES;
				GCC_WARN_UNINITIALIZED_AUTOS = YES_AGGRESSIVE;
				GCC_WARN_UNUSED_FUNCTION = YES;
				GCC_WARN_UNUSED_VARIABLE = YES;
				IPHONEOS_DEPLOYMENT_TARGET = 13.5;
				MTL_ENABLE_DEBUG_INFO = NO;
				MTL_FAST_MATH = YES;
				SDKROOT = iphoneos;
				SWIFT_COMPILATION_MODE = wholemodule;
				SWIFT_OPTIMIZATION_LEVEL = "-O";
				VALIDATE_PRODUCT = YES;
			};
			name = Release;
		};
		55AF3520248A6D5C00E9497D /* Debug */ = {
			isa = XCBuildConfiguration;
			baseConfigurationReference = D0AD1D2CACC9EFE8A1A873B6 /* Pods-Take&GoCoffe.debug.xcconfig */;
			buildSettings = {
				ASSETCATALOG_COMPILER_APPICON_NAME = AppIcon;
				CODE_SIGN_STYLE = Automatic;
				DEVELOPMENT_ASSET_PATHS = "\"Take&GoCoffe/Preview Content\"";
				DEVELOPMENT_TEAM = H78FP3493K;
				ENABLE_PREVIEWS = YES;
				INFOPLIST_FILE = "Take&GoCoffe/Info.plist";
				IPHONEOS_DEPLOYMENT_TARGET = 13.0;
				LD_RUNPATH_SEARCH_PATHS = (
					"$(inherited)",
					"@executable_path/Frameworks",
				);
				PRODUCT_BUNDLE_IDENTIFIER = "EDMAKS--OOO.Take-GoCoffe";
				PRODUCT_NAME = "$(TARGET_NAME)";
				SWIFT_VERSION = 5.0;
				TARGETED_DEVICE_FAMILY = "1,2";
			};
			name = Debug;
		};
		55AF3521248A6D5C00E9497D /* Release */ = {
			isa = XCBuildConfiguration;
			baseConfigurationReference = B80C41C4D9386C881E051A7C /* Pods-Take&GoCoffe.release.xcconfig */;
			buildSettings = {
				ASSETCATALOG_COMPILER_APPICON_NAME = AppIcon;
				CODE_SIGN_STYLE = Automatic;
				DEVELOPMENT_ASSET_PATHS = "\"Take&GoCoffe/Preview Content\"";
				DEVELOPMENT_TEAM = H78FP3493K;
				ENABLE_PREVIEWS = YES;
				INFOPLIST_FILE = "Take&GoCoffe/Info.plist";
				IPHONEOS_DEPLOYMENT_TARGET = 13.0;
				LD_RUNPATH_SEARCH_PATHS = (
					"$(inherited)",
					"@executable_path/Frameworks",
				);
				PRODUCT_BUNDLE_IDENTIFIER = "EDMAKS--OOO.Take-GoCoffe";
				PRODUCT_NAME = "$(TARGET_NAME)";
				SWIFT_VERSION = 5.0;
				TARGETED_DEVICE_FAMILY = "1,2";
			};
			name = Release;
		};
/* End XCBuildConfiguration section */

/* Begin XCConfigurationList section */
		55AF3506248A6D5A00E9497D /* Build configuration list for PBXProject "Take&GoCoffe" */ = {
			isa = XCConfigurationList;
			buildConfigurations = (
				55AF351D248A6D5C00E9497D /* Debug */,
				55AF351E248A6D5C00E9497D /* Release */,
			);
			defaultConfigurationIsVisible = 0;
			defaultConfigurationName = Release;
		};
		55AF351F248A6D5C00E9497D /* Build configuration list for PBXNativeTarget "Take&GoCoffe" */ = {
			isa = XCConfigurationList;
			buildConfigurations = (
				55AF3520248A6D5C00E9497D /* Debug */,
				55AF3521248A6D5C00E9497D /* Release */,
			);
			defaultConfigurationIsVisible = 0;
			defaultConfigurationName = Release;
		};
/* End XCConfigurationList section */
	};
	rootObject = 55AF3503248A6D5A00E9497D /* Project object */;
}
